// !$*UTF8*$!
{
	archiveVersion = 1;
	classes = {
	};
	objectVersion = 46;
	objects = {

/* Begin PBXBuildFile section */
		4C4648541A55C03C0038E5EA /* Main2.storyboard in Resources */ = {isa = PBXBuildFile; fileRef = 4C4648531A55C03C0038E5EA /* Main2.storyboard */; };
		4C4648561A55C8520038E5EA /* mapBack2.png in Resources */ = {isa = PBXBuildFile; fileRef = 4C4648551A55C8520038E5EA /* mapBack2.png */; };
		50D0B953A48B34353F71C2E7 /* libPods-NearMe.a in Frameworks */ = {isa = PBXBuildFile; fileRef = 88446F84B59F91AA0980C9DF /* libPods-NearMe.a */; };
		968F4D091A076BF8003DA6E6 /* park.png in Resources */ = {isa = PBXBuildFile; fileRef = 968F4D081A076BF8003DA6E6 /* park.png */; };
		969DBE8E19FCAECF00E26903 /* main.m in Sources */ = {isa = PBXBuildFile; fileRef = 969DBE8D19FCAECF00E26903 /* main.m */; };
		969DBE9119FCAECF00E26903 /* AppDelegate.m in Sources */ = {isa = PBXBuildFile; fileRef = 969DBE9019FCAECF00E26903 /* AppDelegate.m */; };
		969DBE9419FCAECF00E26903 /* ViewController.m in Sources */ = {isa = PBXBuildFile; fileRef = 969DBE9319FCAECF00E26903 /* ViewController.m */; };
		969DBE9919FCAECF00E26903 /* Images.xcassets in Resources */ = {isa = PBXBuildFile; fileRef = 969DBE9819FCAECF00E26903 /* Images.xcassets */; };
		969DBE9C19FCAECF00E26903 /* LaunchScreen.xib in Resources */ = {isa = PBXBuildFile; fileRef = 969DBE9A19FCAECF00E26903 /* LaunchScreen.xib */; };
		969DBEA819FCAECF00E26903 /* NearMeTests.m in Sources */ = {isa = PBXBuildFile; fileRef = 969DBEA719FCAECF00E26903 /* NearMeTests.m */; };
		969DBEDD19FCB09600E26903 /* Main.storyboard in Resources */ = {isa = PBXBuildFile; fileRef = 969DBEDC19FCB09600E26903 /* Main.storyboard */; };
		969DBEE019FCB0F100E26903 /* PlaceViewController.m in Sources */ = {isa = PBXBuildFile; fileRef = 969DBEDF19FCB0F100E26903 /* PlaceViewController.m */; };
		969DBEE319FCB39700E26903 /* ParallaxCell.m in Sources */ = {isa = PBXBuildFile; fileRef = 969DBEE219FCB39700E26903 /* ParallaxCell.m */; };
		969DBEF219FCCD3700E26903 /* DetailViewController.m in Sources */ = {isa = PBXBuildFile; fileRef = 969DBEF119FCCD3700E26903 /* DetailViewController.m */; };
		96DE5F981A0214060036BB64 /* mapBack.png in Resources */ = {isa = PBXBuildFile; fileRef = 96DE5F971A0214060036BB64 /* mapBack.png */; };
		96DE5FA01A0217490036BB64 /* call5.png in Resources */ = {isa = PBXBuildFile; fileRef = 96DE5F9F1A0217490036BB64 /* call5.png */; };
		96DE5FA21A0218730036BB64 /* world.png in Resources */ = {isa = PBXBuildFile; fileRef = 96DE5FA11A0218730036BB64 /* world.png */; };
		96DE5FA41A0218EA0036BB64 /* map6.png in Resources */ = {isa = PBXBuildFile; fileRef = 96DE5FA31A0218EA0036BB64 /* map6.png */; };
		96DE5FA61A02A0E60036BB64 /* NearMeLogo.png in Resources */ = {isa = PBXBuildFile; fileRef = 96DE5FA51A02A0E60036BB64 /* NearMeLogo.png */; };
		96DE5FA81A02A8D10036BB64 /* noPhoto.png in Resources */ = {isa = PBXBuildFile; fileRef = 96DE5FA71A02A8D10036BB64 /* noPhoto.png */; };
		96EE23B61A013D0800C8BC03 /* restaurant26.png in Resources */ = {isa = PBXBuildFile; fileRef = 96EE23A61A013D0800C8BC03 /* restaurant26.png */; };
		96EE23B71A013D0800C8BC03 /* coffe.png in Resources */ = {isa = PBXBuildFile; fileRef = 96EE23A71A013D0800C8BC03 /* coffe.png */; };
		96EE23B81A013D0800C8BC03 /* office17.png in Resources */ = {isa = PBXBuildFile; fileRef = 96EE23A81A013D0800C8BC03 /* office17.png */; };
		96EE23B91A013D0800C8BC03 /* painter14.png in Resources */ = {isa = PBXBuildFile; fileRef = 96EE23A91A013D0800C8BC03 /* painter14.png */; };
		96EE23BA1A013D0800C8BC03 /* silhouette4.png in Resources */ = {isa = PBXBuildFile; fileRef = 96EE23AA1A013D0800C8BC03 /* silhouette4.png */; };
		96EE23BB1A013D0800C8BC03 /* film40.png in Resources */ = {isa = PBXBuildFile; fileRef = 96EE23AB1A013D0800C8BC03 /* film40.png */; };
		96EE23BC1A013D0800C8BC03 /* carousel.png in Resources */ = {isa = PBXBuildFile; fileRef = 96EE23AC1A013D0800C8BC03 /* carousel.png */; };
		96EE23BD1A013D0800C8BC03 /* camping5.png in Resources */ = {isa = PBXBuildFile; fileRef = 96EE23AD1A013D0800C8BC03 /* camping5.png */; };
		96EE23BE1A013D0800C8BC03 /* lacquer.png in Resources */ = {isa = PBXBuildFile; fileRef = 96EE23AE1A013D0800C8BC03 /* lacquer.png */; };
		96EE23BF1A013D0800C8BC03 /* public11.png in Resources */ = {isa = PBXBuildFile; fileRef = 96EE23AF1A013D0800C8BC03 /* public11.png */; };
		96EE23C01A013D0800C8BC03 /* pharmacy3.png in Resources */ = {isa = PBXBuildFile; fileRef = 96EE23B01A013D0800C8BC03 /* pharmacy3.png */; };
		96EE23C11A013D0800C8BC03 /* person1.png in Resources */ = {isa = PBXBuildFile; fileRef = 96EE23B11A013D0800C8BC03 /* person1.png */; };
		96EE23C31A013D0800C8BC03 /* fuel4.png in Resources */ = {isa = PBXBuildFile; fileRef = 96EE23B31A013D0800C8BC03 /* fuel4.png */; };
		96EE23C41A013D0800C8BC03 /* glass4.png in Resources */ = {isa = PBXBuildFile; fileRef = 96EE23B41A013D0800C8BC03 /* glass4.png */; };
		96EE23C51A013D0800C8BC03 /* aeroplane.png in Resources */ = {isa = PBXBuildFile; fileRef = 96EE23B51A013D0800C8BC03 /* aeroplane.png */; };
		96EE23C71A013D1B00C8BC03 /* grocery10.png in Resources */ = {isa = PBXBuildFile; fileRef = 96EE23C61A013D1B00C8BC03 /* grocery10.png */; };
		96EE23C91A013D2100C8BC03 /* black268.png in Resources */ = {isa = PBXBuildFile; fileRef = 96EE23C81A013D2100C8BC03 /* black268.png */; };
/* End PBXBuildFile section */

/* Begin PBXContainerItemProxy section */
		969DBEA219FCAECF00E26903 /* PBXContainerItemProxy */ = {
			isa = PBXContainerItemProxy;
			containerPortal = 969DBE8019FCAECE00E26903 /* Project object */;
			proxyType = 1;
			remoteGlobalIDString = 969DBE8719FCAECF00E26903;
			remoteInfo = NearMe;
		};
/* End PBXContainerItemProxy section */

/* Begin PBXFileReference section */
		31BE76B013B899C567554AC9 /* Pods-NearMe.release.xcconfig */ = {isa = PBXFileReference; includeInIndex = 1; lastKnownFileType = text.xcconfig; name = "Pods-NearMe.release.xcconfig"; path = "Pods/Target Support Files/Pods-NearMe/Pods-NearMe.release.xcconfig"; sourceTree = "<group>"; };
		4C4648531A55C03C0038E5EA /* Main2.storyboard */ = {isa = PBXFileReference; fileEncoding = 4; lastKnownFileType = file.storyboard; path = Main2.storyboard; sourceTree = "<group>"; };
		4C4648551A55C8520038E5EA /* mapBack2.png */ = {isa = PBXFileReference; lastKnownFileType = image.png; path = mapBack2.png; sourceTree = "<group>"; };
		88446F84B59F91AA0980C9DF /* libPods-NearMe.a */ = {isa = PBXFileReference; explicitFileType = archive.ar; includeInIndex = 0; path = "libPods-NearMe.a"; sourceTree = BUILT_PRODUCTS_DIR; };
		968F4D081A076BF8003DA6E6 /* park.png */ = {isa = PBXFileReference; lastKnownFileType = image.png; path = park.png; sourceTree = "<group>"; };
		969DBE8819FCAECF00E26903 /* NearMe.app */ = {isa = PBXFileReference; explicitFileType = wrapper.application; includeInIndex = 0; path = NearMe.app; sourceTree = BUILT_PRODUCTS_DIR; };
		969DBE8C19FCAECF00E26903 /* Info.plist */ = {isa = PBXFileReference; lastKnownFileType = text.plist.xml; path = Info.plist; sourceTree = "<group>"; };
		969DBE8D19FCAECF00E26903 /* main.m */ = {isa = PBXFileReference; lastKnownFileType = sourcecode.c.objc; path = main.m; sourceTree = "<group>"; };
		969DBE8F19FCAECF00E26903 /* AppDelegate.h */ = {isa = PBXFileReference; lastKnownFileType = sourcecode.c.h; path = AppDelegate.h; sourceTree = "<group>"; };
		969DBE9019FCAECF00E26903 /* AppDelegate.m */ = {isa = PBXFileReference; lastKnownFileType = sourcecode.c.objc; path = AppDelegate.m; sourceTree = "<group>"; };
		969DBE9219FCAECF00E26903 /* ViewController.h */ = {isa = PBXFileReference; lastKnownFileType = sourcecode.c.h; path = ViewController.h; sourceTree = "<group>"; };
		969DBE9319FCAECF00E26903 /* ViewController.m */ = {isa = PBXFileReference; lastKnownFileType = sourcecode.c.objc; path = ViewController.m; sourceTree = "<group>"; };
		969DBE9819FCAECF00E26903 /* Images.xcassets */ = {isa = PBXFileReference; lastKnownFileType = folder.assetcatalog; path = Images.xcassets; sourceTree = "<group>"; };
		969DBE9B19FCAECF00E26903 /* Base */ = {isa = PBXFileReference; lastKnownFileType = file.xib; name = Base; path = Base.lproj/LaunchScreen.xib; sourceTree = "<group>"; };
		969DBEA119FCAECF00E26903 /* NearMeTests.xctest */ = {isa = PBXFileReference; explicitFileType = wrapper.cfbundle; includeInIndex = 0; path = NearMeTests.xctest; sourceTree = BUILT_PRODUCTS_DIR; };
		969DBEA619FCAECF00E26903 /* Info.plist */ = {isa = PBXFileReference; lastKnownFileType = text.plist.xml; path = Info.plist; sourceTree = "<group>"; };
		969DBEA719FCAECF00E26903 /* NearMeTests.m */ = {isa = PBXFileReference; lastKnownFileType = sourcecode.c.objc; path = NearMeTests.m; sourceTree = "<group>"; };
		969DBEDC19FCB09600E26903 /* Main.storyboard */ = {isa = PBXFileReference; fileEncoding = 4; lastKnownFileType = file.storyboard; path = Main.storyboard; sourceTree = "<group>"; };
		969DBEDE19FCB0F100E26903 /* PlaceViewController.h */ = {isa = PBXFileReference; fileEncoding = 4; lastKnownFileType = sourcecode.c.h; path = PlaceViewController.h; sourceTree = "<group>"; };
		969DBEDF19FCB0F100E26903 /* PlaceViewController.m */ = {isa = PBXFileReference; fileEncoding = 4; lastKnownFileType = sourcecode.c.objc; path = PlaceViewController.m; sourceTree = "<group>"; };
		969DBEE119FCB38D00E26903 /* ParallaxCell.h */ = {isa = PBXFileReference; lastKnownFileType = sourcecode.c.h; path = ParallaxCell.h; sourceTree = "<group>"; };
		969DBEE219FCB39700E26903 /* ParallaxCell.m */ = {isa = PBXFileReference; fileEncoding = 4; lastKnownFileType = sourcecode.c.objc; path = ParallaxCell.m; sourceTree = "<group>"; };
		969DBEF019FCCD3700E26903 /* DetailViewController.h */ = {isa = PBXFileReference; fileEncoding = 4; lastKnownFileType = sourcecode.c.h; path = DetailViewController.h; sourceTree = "<group>"; };
		969DBEF119FCCD3700E26903 /* DetailViewController.m */ = {isa = PBXFileReference; fileEncoding = 4; lastKnownFileType = sourcecode.c.objc; path = DetailViewController.m; sourceTree = "<group>"; };
		96DE5F971A0214060036BB64 /* mapBack.png */ = {isa = PBXFileReference; lastKnownFileType = image.png; path = mapBack.png; sourceTree = "<group>"; };
		96DE5F9F1A0217490036BB64 /* call5.png */ = {isa = PBXFileReference; lastKnownFileType = image.png; path = call5.png; sourceTree = "<group>"; };
		96DE5FA11A0218730036BB64 /* world.png */ = {isa = PBXFileReference; lastKnownFileType = image.png; path = world.png; sourceTree = "<group>"; };
		96DE5FA31A0218EA0036BB64 /* map6.png */ = {isa = PBXFileReference; lastKnownFileType = image.png; path = map6.png; sourceTree = "<group>"; };
		96DE5FA51A02A0E60036BB64 /* NearMeLogo.png */ = {isa = PBXFileReference; lastKnownFileType = image.png; path = NearMeLogo.png; sourceTree = "<group>"; };
		96DE5FA71A02A8D10036BB64 /* noPhoto.png */ = {isa = PBXFileReference; lastKnownFileType = image.png; path = noPhoto.png; sourceTree = "<group>"; };
		96EE23A61A013D0800C8BC03 /* restaurant26.png */ = {isa = PBXFileReference; lastKnownFileType = image.png; path = restaurant26.png; sourceTree = "<group>"; };
		96EE23A71A013D0800C8BC03 /* coffe.png */ = {isa = PBXFileReference; lastKnownFileType = image.png; path = coffe.png; sourceTree = "<group>"; };
		96EE23A81A013D0800C8BC03 /* office17.png */ = {isa = PBXFileReference; lastKnownFileType = image.png; path = office17.png; sourceTree = "<group>"; };
		96EE23A91A013D0800C8BC03 /* painter14.png */ = {isa = PBXFileReference; lastKnownFileType = image.png; path = painter14.png; sourceTree = "<group>"; };
		96EE23AA1A013D0800C8BC03 /* silhouette4.png */ = {isa = PBXFileReference; lastKnownFileType = image.png; path = silhouette4.png; sourceTree = "<group>"; };
		96EE23AB1A013D0800C8BC03 /* film40.png */ = {isa = PBXFileReference; lastKnownFileType = image.png; path = film40.png; sourceTree = "<group>"; };
		96EE23AC1A013D0800C8BC03 /* carousel.png */ = {isa = PBXFileReference; lastKnownFileType = image.png; path = carousel.png; sourceTree = "<group>"; };
		96EE23AD1A013D0800C8BC03 /* camping5.png */ = {isa = PBXFileReference; lastKnownFileType = image.png; path = camping5.png; sourceTree = "<group>"; };
		96EE23AE1A013D0800C8BC03 /* lacquer.png */ = {isa = PBXFileReference; lastKnownFileType = image.png; path = lacquer.png; sourceTree = "<group>"; };
		96EE23AF1A013D0800C8BC03 /* public11.png */ = {isa = PBXFileReference; lastKnownFileType = image.png; path = public11.png; sourceTree = "<group>"; };
		96EE23B01A013D0800C8BC03 /* pharmacy3.png */ = {isa = PBXFileReference; lastKnownFileType = image.png; path = pharmacy3.png; sourceTree = "<group>"; };
		96EE23B11A013D0800C8BC03 /* person1.png */ = {isa = PBXFileReference; lastKnownFileType = image.png; path = person1.png; sourceTree = "<group>"; };
		96EE23B31A013D0800C8BC03 /* fuel4.png */ = {isa = PBXFileReference; lastKnownFileType = image.png; path = fuel4.png; sourceTree = "<group>"; };
		96EE23B41A013D0800C8BC03 /* glass4.png */ = {isa = PBXFileReference; lastKnownFileType = image.png; path = glass4.png; sourceTree = "<group>"; };
		96EE23B51A013D0800C8BC03 /* aeroplane.png */ = {isa = PBXFileReference; lastKnownFileType = image.png; path = aeroplane.png; sourceTree = "<group>"; };
		96EE23C61A013D1B00C8BC03 /* grocery10.png */ = {isa = PBXFileReference; lastKnownFileType = image.png; path = grocery10.png; sourceTree = "<group>"; };
		96EE23C81A013D2100C8BC03 /* black268.png */ = {isa = PBXFileReference; lastKnownFileType = image.png; path = black268.png; sourceTree = "<group>"; };
		A79EE7BF56160D239ECD27A7 /* Pods-NearMe.debug.xcconfig */ = {isa = PBXFileReference; includeInIndex = 1; lastKnownFileType = text.xcconfig; name = "Pods-NearMe.debug.xcconfig"; path = "Pods/Target Support Files/Pods-NearMe/Pods-NearMe.debug.xcconfig"; sourceTree = "<group>"; };
/* End PBXFileReference section */

/* Begin PBXFrameworksBuildPhase section */
		969DBE8519FCAECF00E26903 /* Frameworks */ = {
			isa = PBXFrameworksBuildPhase;
			buildActionMask = 2147483647;
			files = (
				50D0B953A48B34353F71C2E7 /* libPods-NearMe.a in Frameworks */,
			);
			runOnlyForDeploymentPostprocessing = 0;
		};
		969DBE9E19FCAECF00E26903 /* Frameworks */ = {
			isa = PBXFrameworksBuildPhase;
			buildActionMask = 2147483647;
			files = (
			);
			runOnlyForDeploymentPostprocessing = 0;
		};
/* End PBXFrameworksBuildPhase section */

/* Begin PBXGroup section */
		1D9FC04BD71F8CACC4DD13CA /* Frameworks */ = {
			isa = PBXGroup;
			children = (
				88446F84B59F91AA0980C9DF /* libPods-NearMe.a */,
			);
			name = Frameworks;
			sourceTree = "<group>";
		};
		969DBE7F19FCAECE00E26903 = {
			isa = PBXGroup;
			children = (
				969DBE8A19FCAECF00E26903 /* NearMe */,
				969DBEA419FCAECF00E26903 /* NearMeTests */,
				969DBE8919FCAECF00E26903 /* Products */,
				9B935A9B8474630E04430A38 /* Pods */,
				1D9FC04BD71F8CACC4DD13CA /* Frameworks */,
			);
			sourceTree = "<group>";
		};
		969DBE8919FCAECF00E26903 /* Products */ = {
			isa = PBXGroup;
			children = (
				969DBE8819FCAECF00E26903 /* NearMe.app */,
				969DBEA119FCAECF00E26903 /* NearMeTests.xctest */,
			);
			name = Products;
			sourceTree = "<group>";
		};
		969DBE8A19FCAECF00E26903 /* NearMe */ = {
			isa = PBXGroup;
			children = (
				969DBEB319FCAEFE00E26903 /* resource */,
				969DBEE119FCB38D00E26903 /* ParallaxCell.h */,
				969DBEE219FCB39700E26903 /* ParallaxCell.m */,
				969DBE8F19FCAECF00E26903 /* AppDelegate.h */,
				969DBE9019FCAECF00E26903 /* AppDelegate.m */,
				969DBE9219FCAECF00E26903 /* ViewController.h */,
				969DBE9319FCAECF00E26903 /* ViewController.m */,
				969DBEDE19FCB0F100E26903 /* PlaceViewController.h */,
				969DBEDF19FCB0F100E26903 /* PlaceViewController.m */,
				969DBEF019FCCD3700E26903 /* DetailViewController.h */,
				969DBEF119FCCD3700E26903 /* DetailViewController.m */,
				4C4648531A55C03C0038E5EA /* Main2.storyboard */,
				969DBEDC19FCB09600E26903 /* Main.storyboard */,
				969DBE9A19FCAECF00E26903 /* LaunchScreen.xib */,
				969DBE9819FCAECF00E26903 /* Images.xcassets */,
				969DBE8B19FCAECF00E26903 /* Supporting Files */,
			);
			path = NearMe;
			sourceTree = "<group>";
		};
		969DBE8B19FCAECF00E26903 /* Supporting Files */ = {
			isa = PBXGroup;
			children = (
				969DBE8C19FCAECF00E26903 /* Info.plist */,
				969DBE8D19FCAECF00E26903 /* main.m */,
			);
			name = "Supporting Files";
			sourceTree = "<group>";
		};
		969DBEA419FCAECF00E26903 /* NearMeTests */ = {
			isa = PBXGroup;
			children = (
				969DBEA719FCAECF00E26903 /* NearMeTests.m */,
				969DBEA519FCAECF00E26903 /* Supporting Files */,
			);
			path = NearMeTests;
			sourceTree = "<group>";
		};
		969DBEA519FCAECF00E26903 /* Supporting Files */ = {
			isa = PBXGroup;
			children = (
				969DBEA619FCAECF00E26903 /* Info.plist */,
			);
			name = "Supporting Files";
			sourceTree = "<group>";
		};
		969DBEB319FCAEFE00E26903 /* resource */ = {
			isa = PBXGroup;
			children = (
				4C4648551A55C8520038E5EA /* mapBack2.png */,
				968F4D081A076BF8003DA6E6 /* park.png */,
				96DE5FA71A02A8D10036BB64 /* noPhoto.png */,
				96DE5FA51A02A0E60036BB64 /* NearMeLogo.png */,
				96DE5FA31A0218EA0036BB64 /* map6.png */,
				96DE5FA11A0218730036BB64 /* world.png */,
				96DE5F9F1A0217490036BB64 /* call5.png */,
				96DE5F971A0214060036BB64 /* mapBack.png */,
				96EE23C81A013D2100C8BC03 /* black268.png */,
				96EE23C61A013D1B00C8BC03 /* grocery10.png */,
				96EE23A61A013D0800C8BC03 /* restaurant26.png */,
				96EE23A71A013D0800C8BC03 /* coffe.png */,
				96EE23A81A013D0800C8BC03 /* office17.png */,
				96EE23A91A013D0800C8BC03 /* painter14.png */,
				96EE23AA1A013D0800C8BC03 /* silhouette4.png */,
				96EE23AB1A013D0800C8BC03 /* film40.png */,
				96EE23AC1A013D0800C8BC03 /* carousel.png */,
				96EE23AD1A013D0800C8BC03 /* camping5.png */,
				96EE23AE1A013D0800C8BC03 /* lacquer.png */,
				96EE23AF1A013D0800C8BC03 /* public11.png */,
				96EE23B01A013D0800C8BC03 /* pharmacy3.png */,
				96EE23B11A013D0800C8BC03 /* person1.png */,
				96EE23B31A013D0800C8BC03 /* fuel4.png */,
				96EE23B41A013D0800C8BC03 /* glass4.png */,
				96EE23B51A013D0800C8BC03 /* aeroplane.png */,
			);
			path = resource;
			sourceTree = "<group>";
		};
		9B935A9B8474630E04430A38 /* Pods */ = {
			isa = PBXGroup;
			children = (
				A79EE7BF56160D239ECD27A7 /* Pods-NearMe.debug.xcconfig */,
				31BE76B013B899C567554AC9 /* Pods-NearMe.release.xcconfig */,
			);
			name = Pods;
			sourceTree = "<group>";
		};
/* End PBXGroup section */

/* Begin PBXNativeTarget section */
		969DBE8719FCAECF00E26903 /* NearMe */ = {
			isa = PBXNativeTarget;
			buildConfigurationList = 969DBEAB19FCAECF00E26903 /* Build configuration list for PBXNativeTarget "NearMe" */;
			buildPhases = (
				6BB39886F86E5AD0E4646A17 /* Check Pods Manifest.lock */,
				969DBE8419FCAECF00E26903 /* Sources */,
				969DBE8519FCAECF00E26903 /* Frameworks */,
				969DBE8619FCAECF00E26903 /* Resources */,
				0D544A9FE001F9A92297575E /* Copy Pods Resources */,
			);
			buildRules = (
			);
			dependencies = (
			);
			name = NearMe;
			productName = NearMe;
			productReference = 969DBE8819FCAECF00E26903 /* NearMe.app */;
			productType = "com.apple.product-type.application";
		};
		969DBEA019FCAECF00E26903 /* NearMeTests */ = {
			isa = PBXNativeTarget;
			buildConfigurationList = 969DBEAE19FCAECF00E26903 /* Build configuration list for PBXNativeTarget "NearMeTests" */;
			buildPhases = (
				969DBE9D19FCAECF00E26903 /* Sources */,
				969DBE9E19FCAECF00E26903 /* Frameworks */,
				969DBE9F19FCAECF00E26903 /* Resources */,
			);
			buildRules = (
			);
			dependencies = (
				969DBEA319FCAECF00E26903 /* PBXTargetDependency */,
			);
			name = NearMeTests;
			productName = NearMeTests;
			productReference = 969DBEA119FCAECF00E26903 /* NearMeTests.xctest */;
			productType = "com.apple.product-type.bundle.unit-test";
		};
/* End PBXNativeTarget section */

/* Begin PBXProject section */
		969DBE8019FCAECE00E26903 /* Project object */ = {
			isa = PBXProject;
			attributes = {
				LastUpgradeCheck = 0610;
				ORGANIZATIONNAME = TechLogics;
				TargetAttributes = {
					969DBE8719FCAECF00E26903 = {
						CreatedOnToolsVersion = 6.1;
						DevelopmentTeam = FVAY3DK4CE;
					};
					969DBEA019FCAECF00E26903 = {
						CreatedOnToolsVersion = 6.1;
						TestTargetID = 969DBE8719FCAECF00E26903;
					};
				};
			};
			buildConfigurationList = 969DBE8319FCAECE00E26903 /* Build configuration list for PBXProject "NearMe" */;
			compatibilityVersion = "Xcode 3.2";
			developmentRegion = English;
			hasScannedForEncodings = 0;
			knownRegions = (
				en,
				Base,
			);
			mainGroup = 969DBE7F19FCAECE00E26903;
			productRefGroup = 969DBE8919FCAECF00E26903 /* Products */;
			projectDirPath = "";
			projectRoot = "";
			targets = (
				969DBE8719FCAECF00E26903 /* NearMe */,
				969DBEA019FCAECF00E26903 /* NearMeTests */,
			);
		};
/* End PBXProject section */

/* Begin PBXResourcesBuildPhase section */
		969DBE8619FCAECF00E26903 /* Resources */ = {
			isa = PBXResourcesBuildPhase;
			buildActionMask = 2147483647;
			files = (
				96EE23C91A013D2100C8BC03 /* black268.png in Resources */,
				96EE23B71A013D0800C8BC03 /* coffe.png in Resources */,
				96DE5F981A0214060036BB64 /* mapBack.png in Resources */,
				96EE23BC1A013D0800C8BC03 /* carousel.png in Resources */,
				96EE23C71A013D1B00C8BC03 /* grocery10.png in Resources */,
				968F4D091A076BF8003DA6E6 /* park.png in Resources */,
				96DE5FA81A02A8D10036BB64 /* noPhoto.png in Resources */,
				96DE5FA21A0218730036BB64 /* world.png in Resources */,
				96EE23C41A013D0800C8BC03 /* glass4.png in Resources */,
				96EE23C31A013D0800C8BC03 /* fuel4.png in Resources */,
				969DBEDD19FCB09600E26903 /* Main.storyboard in Resources */,
				96EE23B81A013D0800C8BC03 /* office17.png in Resources */,
				96DE5FA41A0218EA0036BB64 /* map6.png in Resources */,
				96EE23BB1A013D0800C8BC03 /* film40.png in Resources */,
				96DE5FA61A02A0E60036BB64 /* NearMeLogo.png in Resources */,
				969DBE9C19FCAECF00E26903 /* LaunchScreen.xib in Resources */,
				96EE23C11A013D0800C8BC03 /* person1.png in Resources */,
				96EE23BF1A013D0800C8BC03 /* public11.png in Resources */,
				96EE23C01A013D0800C8BC03 /* pharmacy3.png in Resources */,
				96EE23BE1A013D0800C8BC03 /* lacquer.png in Resources */,
				969DBE9919FCAECF00E26903 /* Images.xcassets in Resources */,
				4C4648541A55C03C0038E5EA /* Main2.storyboard in Resources */,
				96EE23BD1A013D0800C8BC03 /* camping5.png in Resources */,
				96EE23C51A013D0800C8BC03 /* aeroplane.png in Resources */,
				4C4648561A55C8520038E5EA /* mapBack2.png in Resources */,
				96DE5FA01A0217490036BB64 /* call5.png in Resources */,
				96EE23BA1A013D0800C8BC03 /* silhouette4.png in Resources */,
				96EE23B61A013D0800C8BC03 /* restaurant26.png in Resources */,
				96EE23B91A013D0800C8BC03 /* painter14.png in Resources */,
			);
			runOnlyForDeploymentPostprocessing = 0;
		};
		969DBE9F19FCAECF00E26903 /* Resources */ = {
			isa = PBXResourcesBuildPhase;
			buildActionMask = 2147483647;
			files = (
			);
			runOnlyForDeploymentPostprocessing = 0;
		};
/* End PBXResourcesBuildPhase section */

/* Begin PBXShellScriptBuildPhase section */
		0D544A9FE001F9A92297575E /* Copy Pods Resources */ = {
			isa = PBXShellScriptBuildPhase;
			buildActionMask = 2147483647;
			files = (
			);
			inputPaths = (
			);
			name = "Copy Pods Resources";
			outputPaths = (
			);
			runOnlyForDeploymentPostprocessing = 0;
			shellPath = /bin/sh;
			shellScript = "\"${SRCROOT}/Pods/Target Support Files/Pods-NearMe/Pods-NearMe-resources.sh\"\n";
			showEnvVarsInLog = 0;
		};
		6BB39886F86E5AD0E4646A17 /* Check Pods Manifest.lock */ = {
			isa = PBXShellScriptBuildPhase;
			buildActionMask = 2147483647;
			files = (
			);
			inputPaths = (
			);
			name = "Check Pods Manifest.lock";
			outputPaths = (
			);
			runOnlyForDeploymentPostprocessing = 0;
			shellPath = /bin/sh;
			shellScript = "diff \"${PODS_ROOT}/../Podfile.lock\" \"${PODS_ROOT}/Manifest.lock\" > /dev/null\nif [[ $? != 0 ]] ; then\n    cat << EOM\nerror: The sandbox is not in sync with the Podfile.lock. Run 'pod install' or update your CocoaPods installation.\nEOM\n    exit 1\nfi\n";
			showEnvVarsInLog = 0;
		};
/* End PBXShellScriptBuildPhase section */

/* Begin PBXSourcesBuildPhase section */
		969DBE8419FCAECF00E26903 /* Sources */ = {
			isa = PBXSourcesBuildPhase;
			buildActionMask = 2147483647;
			files = (
				969DBEE319FCB39700E26903 /* ParallaxCell.m in Sources */,
				969DBEE019FCB0F100E26903 /* PlaceViewController.m in Sources */,
				969DBE9419FCAECF00E26903 /* ViewController.m in Sources */,
				969DBE9119FCAECF00E26903 /* AppDelegate.m in Sources */,
				969DBE8E19FCAECF00E26903 /* main.m in Sources */,
				969DBEF219FCCD3700E26903 /* DetailViewController.m in Sources */,
			);
			runOnlyForDeploymentPostprocessing = 0;
		};
		969DBE9D19FCAECF00E26903 /* Sources */ = {
			isa = PBXSourcesBuildPhase;
			buildActionMask = 2147483647;
			files = (
				969DBEA819FCAECF00E26903 /* NearMeTests.m in Sources */,
			);
			runOnlyForDeploymentPostprocessing = 0;
		};
/* End PBXSourcesBuildPhase section */

/* Begin PBXTargetDependency section */
		969DBEA319FCAECF00E26903 /* PBXTargetDependency */ = {
			isa = PBXTargetDependency;
			target = 969DBE8719FCAECF00E26903 /* NearMe */;
			targetProxy = 969DBEA219FCAECF00E26903 /* PBXContainerItemProxy */;
		};
/* End PBXTargetDependency section */

/* Begin PBXVariantGroup section */
		969DBE9A19FCAECF00E26903 /* LaunchScreen.xib */ = {
			isa = PBXVariantGroup;
			children = (
				969DBE9B19FCAECF00E26903 /* Base */,
			);
			name = LaunchScreen.xib;
			sourceTree = "<group>";
		};
/* End PBXVariantGroup section */

/* Begin XCBuildConfiguration section */
		969DBEA919FCAECF00E26903 /* Debug */ = {
			isa = XCBuildConfiguration;
			buildSettings = {
				ALWAYS_SEARCH_USER_PATHS = NO;
				CLANG_CXX_LANGUAGE_STANDARD = "gnu++0x";
				CLANG_CXX_LIBRARY = "libc++";
				CLANG_ENABLE_MODULES = YES;
				CLANG_ENABLE_OBJC_ARC = YES;
				CLANG_WARN_BOOL_CONVERSION = YES;
				CLANG_WARN_CONSTANT_CONVERSION = YES;
				CLANG_WARN_DIRECT_OBJC_ISA_USAGE = YES_ERROR;
				CLANG_WARN_EMPTY_BODY = YES;
				CLANG_WARN_ENUM_CONVERSION = YES;
				CLANG_WARN_INT_CONVERSION = YES;
				CLANG_WARN_OBJC_ROOT_CLASS = YES_ERROR;
				CLANG_WARN_UNREACHABLE_CODE = YES;
				CLANG_WARN__DUPLICATE_METHOD_MATCH = YES;
				"CODE_SIGN_IDENTITY[sdk=iphoneos*]" = "iPhone Developer";
				COPY_PHASE_STRIP = NO;
				ENABLE_STRICT_OBJC_MSGSEND = YES;
				GCC_C_LANGUAGE_STANDARD = gnu99;
				GCC_DYNAMIC_NO_PIC = NO;
				GCC_OPTIMIZATION_LEVEL = 0;
				GCC_PREPROCESSOR_DEFINITIONS = (
					"DEBUG=1",
					"$(inherited)",
				);
				GCC_SYMBOLS_PRIVATE_EXTERN = NO;
				GCC_WARN_64_TO_32_BIT_CONVERSION = YES;
				GCC_WARN_ABOUT_RETURN_TYPE = YES_ERROR;
				GCC_WARN_UNDECLARED_SELECTOR = YES;
				GCC_WARN_UNINITIALIZED_AUTOS = YES_AGGRESSIVE;
				GCC_WARN_UNUSED_FUNCTION = YES;
				GCC_WARN_UNUSED_VARIABLE = YES;
				IPHONEOS_DEPLOYMENT_TARGET = 8.1;
				MTL_ENABLE_DEBUG_INFO = YES;
				ONLY_ACTIVE_ARCH = YES;
				SDKROOT = iphoneos;
			};
			name = Debug;
		};
		969DBEAA19FCAECF00E26903 /* Release */ = {
			isa = XCBuildConfiguration;
			buildSettings = {
				ALWAYS_SEARCH_USER_PATHS = NO;
				CLANG_CXX_LANGUAGE_STANDARD = "gnu++0x";
				CLANG_CXX_LIBRARY = "libc++";
				CLANG_ENABLE_MODULES = YES;
				CLANG_ENABLE_OBJC_ARC = YES;
				CLANG_WARN_BOOL_CONVERSION = YES;
				CLANG_WARN_CONSTANT_CONVERSION = YES;
				CLANG_WARN_DIRECT_OBJC_ISA_USAGE = YES_ERROR;
				CLANG_WARN_EMPTY_BODY = YES;
				CLANG_WARN_ENUM_CONVERSION = YES;
				CLANG_WARN_INT_CONVERSION = YES;
				CLANG_WARN_OBJC_ROOT_CLASS = YES_ERROR;
				CLANG_WARN_UNREACHABLE_CODE = YES;
				CLANG_WARN__DUPLICATE_METHOD_MATCH = YES;
				"CODE_SIGN_IDENTITY[sdk=iphoneos*]" = "iPhone Developer";
				COPY_PHASE_STRIP = YES;
				ENABLE_NS_ASSERTIONS = NO;
				ENABLE_STRICT_OBJC_MSGSEND = YES;
				GCC_C_LANGUAGE_STANDARD = gnu99;
				GCC_WARN_64_TO_32_BIT_CONVERSION = YES;
				GCC_WARN_ABOUT_RETURN_TYPE = YES_ERROR;
				GCC_WARN_UNDECLARED_SELECTOR = YES;
				GCC_WARN_UNINITIALIZED_AUTOS = YES_AGGRESSIVE;
				GCC_WARN_UNUSED_FUNCTION = YES;
				GCC_WARN_UNUSED_VARIABLE = YES;
				IPHONEOS_DEPLOYMENT_TARGET = 8.1;
				MTL_ENABLE_DEBUG_INFO = NO;
				SDKROOT = iphoneos;
				VALIDATE_PRODUCT = YES;
			};
			name = Release;
		};
		969DBEAC19FCAECF00E26903 /* Debug */ = {
			isa = XCBuildConfiguration;
			baseConfigurationReference = A79EE7BF56160D239ECD27A7 /* Pods-NearMe.debug.xcconfig */;
			buildSettings = {
				ASSETCATALOG_COMPILER_APPICON_NAME = AppIcon;
				CODE_SIGN_IDENTITY = "iPhone Developer";
				INFOPLIST_FILE = NearMe/Info.plist;
				LD_RUNPATH_SEARCH_PATHS = "$(inherited) @executable_path/Frameworks";
				PRODUCT_NAME = "$(TARGET_NAME)";
			};
			name = Debug;
		};
		969DBEAD19FCAECF00E26903 /* Release */ = {
			isa = XCBuildConfiguration;
			baseConfigurationReference = 31BE76B013B899C567554AC9 /* Pods-NearMe.release.xcconfig */;
			buildSettings = {
				ASSETCATALOG_COMPILER_APPICON_NAME = AppIcon;
				CODE_SIGN_IDENTITY = "iPhone Developer";
				INFOPLIST_FILE = NearMe/Info.plist;
				LD_RUNPATH_SEARCH_PATHS = "$(inherited) @executable_path/Frameworks";
				PRODUCT_NAME = "$(TARGET_NAME)";
			};
			name = Release;
		};
		969DBEAF19FCAECF00E26903 /* Debug */ = {
			isa = XCBuildConfiguration;
			buildSettings = {
				BUNDLE_LOADER = "$(TEST_HOST)";
				FRAMEWORK_SEARCH_PATHS = (
					"$(SDKROOT)/Developer/Library/Frameworks",
					"$(inherited)",
				);
				GCC_PREPROCESSOR_DEFINITIONS = (
					"DEBUG=1",
					"$(inherited)",
				);
				INFOPLIST_FILE = NearMeTests/Info.plist;
				LD_RUNPATH_SEARCH_PATHS = "$(inherited) @executable_path/Frameworks @loader_path/Frameworks";
				PRODUCT_NAME = "$(TARGET_NAME)";
				TEST_HOST = "$(BUILT_PRODUCTS_DIR)/NearMe.app/NearMe";
			};
			name = Debug;
		};
		969DBEB019FCAECF00E26903 /* Release */ = {
			isa = XCBuildConfiguration;
			buildSettings = {
				BUNDLE_LOADER = "$(TEST_HOST)";
				FRAMEWORK_SEARCH_PATHS = (
					"$(SDKROOT)/Developer/Library/Frameworks",
					"$(inherited)",
				);
				INFOPLIST_FILE = NearMeTests/Info.plist;
				LD_RUNPATH_SEARCH_PATHS = "$(inherited) @executable_path/Frameworks @loader_path/Frameworks";
				PRODUCT_NAME = "$(TARGET_NAME)";
				TEST_HOST = "$(BUILT_PRODUCTS_DIR)/NearMe.app/NearMe";
			};
			name = Release;
		};
/* End XCBuildConfiguration section */

/* Begin XCConfigurationList section */
		969DBE8319FCAECE00E26903 /* Build configuration list for PBXProject "NearMe" */ = {
			isa = XCConfigurationList;
			buildConfigurations = (
				969DBEA919FCAECF00E26903 /* Debug */,
				969DBEAA19FCAECF00E26903 /* Release */,
			);
			defaultConfigurationIsVisible = 0;
			defaultConfigurationName = Release;
		};
		969DBEAB19FCAECF00E26903 /* Build configuration list for PBXNativeTarget "NearMe" */ = {
			isa = XCConfigurationList;
			buildConfigurations = (
				969DBEAC19FCAECF00E26903 /* Debug */,
				969DBEAD19FCAECF00E26903 /* Release */,
			);
			defaultConfigurationIsVisible = 0;
			defaultConfigurationName = Release;
		};
		969DBEAE19FCAECF00E26903 /* Build configuration list for PBXNativeTarget "NearMeTests" */ = {
			isa = XCConfigurationList;
			buildConfigurations = (
				969DBEAF19FCAECF00E26903 /* Debug */,
				969DBEB019FCAECF00E26903 /* Release */,
			);
			defaultConfigurationIsVisible = 0;
			defaultConfigurationName = Release;
		};
/* End XCConfigurationList section */
	};
	rootObject = 969DBE8019FCAECE00E26903 /* Project object */;
}
